Microsoft Visual Studio Solution File, Format Version 12.00
# Visual Studio Version 17
VisualStudioVersion = 17.5.2.0
MinimumVisualStudioVersion = 10.0.40219.1
Project("{FAE04EC0-301F-11D3-BF4B-00C04F79EFBC}") = "typingtutor", "typingtutor.csproj", "{406A4183-081B-7408-71C6-53B2986FED7E}"
EndProject
Global
	GlobalSection(SolutionConfigurationPlatforms) = preSolution
		Debug|Any CPU = Debug|Any CPU
		Release|Any CPU = Release|Any CPU
	EndGlobalSection
	GlobalSection(ProjectConfigurationPlatforms) = postSolution
		{406A4183-081B-7408-71C6-53B2986FED7E}.Debug|Any CPU.ActiveCfg = Debug|Any CPU
		{406A4183-081B-7408-71C6-53B2986FED7E}.Debug|Any CPU.Build.0 = Debug|Any CPU
		{406A4183-081B-7408-71C6-53B2986FED7E}.Release|Any CPU.ActiveCfg = Release|Any CPU
		{406A4183-081B-7408-71C6-53B2986FED7E}.Release|Any CPU.Build.0 = Release|Any CPU
	EndGlobalSection
	GlobalSection(SolutionProperties) = preSolution
		HideSolutionNode = FALSE
	EndGlobalSection
	GlobalSection(ExtensibilityGlobals) = postSolution
		SolutionGuid = {3AC75F58-A2F2-4CAC-B263-7F7F0698E627}
	EndGlobalSection
EndGlobal
